# This file is automatically @generated by Cargo.
# It is not intended for manual editing.
version = 4

[[package]]
name = "aoj2426"
version = "0.1.0"
dependencies = [
 "compress",
 "cumulative_sum_2d",
 "proconio",
]

[[package]]
name = "binary_trie"
version = "0.1.0"
dependencies = [
 "numeric",
 "rand",
 "superslice",
]

[[package]]
name = "cfg-if"
version = "1.0.3"
source = "registry+https://github.com/rust-lang/crates.io-index"
checksum = "2fd1289c04a9ea8cb22300a459a72a385d7c73d3259e2ed7dcb2af674838cfa9"

[[package]]
name = "compress"
version = "0.1.0"
dependencies = [
 "superslice",
]

[[package]]
name = "cumulative_sum_2d"
version = "0.1.0"
dependencies = [
 "numeric",
]

[[package]]
name = "dsu"
version = "0.1.0"

[[package]]
name = "dynamic_segment_tree"
version = "0.1.0"
dependencies = [
 "monoid",
]

[[package]]
name = "fenwick_tree"
version = "0.1.0"
dependencies = [
 "numeric",
]

[[package]]
name = "getrandom"
version = "0.3.3"
source = "registry+https://github.com/rust-lang/crates.io-index"
checksum = "26145e563e54f2cadc477553f1ec5ee650b00862f0a58bcd12cbdc5f0ea2d2f4"
dependencies = [
 "cfg-if",
 "libc",
 "r-efi",
 "wasi",
]

[[package]]
name = "graph"
version = "0.1.0"
dependencies = [
 "numeric",
]

[[package]]
name = "heavy_light_decomposition"
version = "0.1.0"
dependencies = [
 "graph",
]

[[package]]
name = "libc"
version = "0.2.177"
source = "registry+https://github.com/rust-lang/crates.io-index"
checksum = "2874a2af47a2325c2001a6e6fad9b16a53b802102b528163885171cf92b15976"

[[package]]
name = "mo"
version = "0.1.0"

[[package]]
name = "modint"
version = "0.1.0"
dependencies = [
 "numeric",
 "proconio",
]

[[package]]
name = "monoid"
version = "0.1.0"

[[package]]
name = "monoid_util"
version = "0.1.0"
dependencies = [
 "monoid",
 "numeric",
]

[[package]]
name = "numeric"
version = "0.1.0"

[[package]]
name = "point_set_range_composite"
version = "0.1.0"
dependencies = [
 "modint",
 "monoid_util",
 "proconio",
 "segment_tree",
]

[[package]]
name = "ppv-lite86"
version = "0.2.21"
source = "registry+https://github.com/rust-lang/crates.io-index"
checksum = "85eae3c4ed2f50dcfe72643da4befc30deadb458a9b590d720cde2f2b1e97da9"
dependencies = [
 "zerocopy",
]

[[package]]
name = "proc-macro2"
version = "1.0.101"
source = "registry+https://github.com/rust-lang/crates.io-index"
checksum = "89ae43fd86e4158d6db51ad8e2b80f313af9cc74f5c0e03ccb87de09998732de"
dependencies = [
 "unicode-ident",
]

[[package]]
name = "proconio"
version = "0.5.0"
source = "registry+https://github.com/rust-lang/crates.io-index"
checksum = "c10091de86d0dc939b37a115d74597cbe83af470032a1729d50c98ccee043cb0"
dependencies = [
 "proconio-derive",
]

[[package]]
name = "proconio-derive"
version = "0.2.1"
source = "registry+https://github.com/rust-lang/crates.io-index"
checksum = "bccfa078f1a3db6563793531989799a2201d9bdf609f48dd82620b443fbcd409"
dependencies = [
 "proc-macro2",
 "quote",
 "syn 1.0.109",
]

[[package]]
name = "quote"
version = "1.0.40"
source = "registry+https://github.com/rust-lang/crates.io-index"
checksum = "1885c039570dc00dcb4ff087a89e185fd56bae234ddc7f056a945bf36467248d"
dependencies = [
 "proc-macro2",
]

[[package]]
name = "r-efi"
version = "5.3.0"
source = "registry+https://github.com/rust-lang/crates.io-index"
checksum = "69cdb34c158ceb288df11e18b4bd39de994f6657d83847bdffdbd7f346754b0f"

[[package]]
name = "rand"
version = "0.9.2"
source = "registry+https://github.com/rust-lang/crates.io-index"
checksum = "6db2770f06117d490610c7488547d543617b21bfa07796d7a12f6f1bd53850d1"
dependencies = [
 "rand_chacha",
 "rand_core",
]

[[package]]
name = "rand_chacha"
version = "0.9.0"
source = "registry+https://github.com/rust-lang/crates.io-index"
checksum = "d3022b5f1df60f26e1ffddd6c66e8aa15de382ae63b3a0c1bfc0e4d3e3f325cb"
dependencies = [
 "ppv-lite86",
 "rand_core",
]

[[package]]
name = "rand_core"
version = "0.9.3"
source = "registry+https://github.com/rust-lang/crates.io-index"
checksum = "99d9a13982dcf210057a8a78572b2217b667c3beacbf3a0d8b454f6f82837d38"
dependencies = [
 "getrandom",
]

[[package]]
name = "rle"
version = "0.1.0"

[[package]]
name = "segment_tree"
version = "0.1.0"
dependencies = [
 "monoid",
]

[[package]]
name = "set_xor_min"
version = "0.1.0"
dependencies = [
 "binary_trie",
 "proconio",
]

[[package]]
name = "static_range_inversions_query"
version = "0.1.0"
dependencies = [
 "compress",
 "fenwick_tree",
 "mo",
 "proconio",
]

[[package]]
name = "superslice"
version = "1.0.0"
source = "registry+https://github.com/rust-lang/crates.io-index"
checksum = "ab16ced94dbd8a46c82fd81e3ed9a8727dac2977ea869d217bcc4ea1f122e81f"

[[package]]
name = "syn"
version = "1.0.109"
source = "registry+https://github.com/rust-lang/crates.io-index"
checksum = "72b64191b275b66ffe2469e8af2c1cfe3bafa67b529ead792a6d0160888b4237"
dependencies = [
 "proc-macro2",
 "quote",
 "unicode-ident",
]

[[package]]
name = "syn"
version = "2.0.106"
source = "registry+https://github.com/rust-lang/crates.io-index"
checksum = "ede7c438028d4436d71104916910f5bb611972c5cfd7f89b8300a8186e6fada6"
dependencies = [
 "proc-macro2",
 "quote",
 "unicode-ident",
]

[[package]]
name = "tree_diameter"
version = "0.1.0"
dependencies = [
 "graph",
 "proconio",
]

[[package]]
name = "unicode-ident"
version = "1.0.18"
source = "registry+https://github.com/rust-lang/crates.io-index"
checksum = "5a5f39404a5da50712a4c1eecf25e90dd62b613502b7e925fd4e4d19b5c96512"

[[package]]
name = "unionfind"
version = "0.1.0"
dependencies = [
 "dsu",
 "proconio",
]

[[package]]
name = "verify_dynamic_segment_tree"
version = "0.1.0"
dependencies = [
 "dynamic_segment_tree",
 "modint",
 "monoid_util",
 "proconio",
]

[[package]]
name = "verify_fenwick_tree"
version = "0.1.0"
dependencies = [
 "fenwick_tree",
 "proconio",
]

[[package]]
name = "verify_segment_tree"
version = "0.1.0"
dependencies = [
 "monoid_util",
 "proconio",
 "segment_tree",
]

[[package]]
name = "vertex_add_path_sum"
version = "0.1.0"
dependencies = [
 "fenwick_tree",
 "graph",
 "heavy_light_decomposition",
 "proconio",
]

[[package]]
name = "vertex_add_subtree_sum"
version = "0.1.0"
dependencies = [
 "fenwick_tree",
 "graph",
 "heavy_light_decomposition",
 "proconio",
]

[[package]]
name = "vertex_set_path_composite"
version = "0.1.0"
dependencies = [
 "graph",
 "heavy_light_decomposition",
 "modint",
 "monoid",
 "monoid_util",
 "proconio",
 "segment_tree",
]

[[package]]
name = "wasi"
version = "0.14.7+wasi-0.2.4"
source = "registry+https://github.com/rust-lang/crates.io-index"
checksum = "883478de20367e224c0090af9cf5f9fa85bed63a95c1abf3afc5c083ebc06e8c"
dependencies = [
 "wasip2",
]

[[package]]
name = "wasip2"
version = "1.0.1+wasi-0.2.4"
source = "registry+https://github.com/rust-lang/crates.io-index"
checksum = "0562428422c63773dad2c345a1882263bbf4d65cf3f42e90921f787ef5ad58e7"
dependencies = [
 "wit-bindgen",
]

[[package]]
name = "wit-bindgen"
version = "0.46.0"
source = "registry+https://github.com/rust-lang/crates.io-index"
checksum = "f17a85883d4e6d00e8a97c586de764dabcc06133f7f1d55dce5cdc070ad7fe59"

[[package]]
name = "yuki1469_1"
version = "0.1.0"
dependencies = [
 "proconio",
 "rle",
]

[[package]]
name = "yuki789_1"
version = "0.1.0"
dependencies = [
 "dynamic_segment_tree",
 "monoid_util",
 "proconio",
]

[[package]]
name = "zerocopy"
version = "0.8.27"
source = "registry+https://github.com/rust-lang/crates.io-index"
checksum = "0894878a5fa3edfd6da3f88c4805f4c8558e2b996227a3d864f47fe11e38282c"
dependencies = [
 "zerocopy-derive",
]

[[package]]
name = "zerocopy-derive"
version = "0.8.27"
source = "registry+https://github.com/rust-lang/crates.io-index"
checksum = "88d2b8d9c68ad2b9e4340d7832716a4d21a22a1154777ad56ea55c51a9cf3831"
dependencies = [
 "proc-macro2",
 "quote",
 "syn 2.0.106",
]
