# This file is automatically @generated by Cargo.
# It is not intended for manual editing.
version = 4

[[package]]
name = "dsu"
version = "0.1.0"

[[package]]
name = "modint"
version = "0.1.0"
dependencies = [
 "numeric",
 "proconio",
]

[[package]]
name = "monoid"
version = "0.1.0"

[[package]]
name = "monoid_util"
version = "0.1.0"
dependencies = [
 "monoid",
 "numeric",
]

[[package]]
name = "numeric"
version = "0.1.0"

[[package]]
name = "point_add_range_sum"
version = "0.1.0"
dependencies = [
 "monoid_util",
 "proconio",
 "segment_tree",
]

[[package]]
name = "point_set_range_composite"
version = "0.1.0"
dependencies = [
 "modint",
 "monoid_util",
 "proconio",
 "segment_tree",
]

[[package]]
name = "proc-macro2"
version = "1.0.101"
source = "registry+https://github.com/rust-lang/crates.io-index"
checksum = "89ae43fd86e4158d6db51ad8e2b80f313af9cc74f5c0e03ccb87de09998732de"
dependencies = [
 "unicode-ident",
]

[[package]]
name = "proconio"
version = "0.5.0"
source = "registry+https://github.com/rust-lang/crates.io-index"
checksum = "c10091de86d0dc939b37a115d74597cbe83af470032a1729d50c98ccee043cb0"
dependencies = [
 "proconio-derive",
]

[[package]]
name = "proconio-derive"
version = "0.2.1"
source = "registry+https://github.com/rust-lang/crates.io-index"
checksum = "bccfa078f1a3db6563793531989799a2201d9bdf609f48dd82620b443fbcd409"
dependencies = [
 "proc-macro2",
 "quote",
 "syn",
]

[[package]]
name = "quote"
version = "1.0.40"
source = "registry+https://github.com/rust-lang/crates.io-index"
checksum = "1885c039570dc00dcb4ff087a89e185fd56bae234ddc7f056a945bf36467248d"
dependencies = [
 "proc-macro2",
]

[[package]]
name = "segment_tree"
version = "0.1.0"
dependencies = [
 "monoid",
]

[[package]]
name = "syn"
version = "1.0.109"
source = "registry+https://github.com/rust-lang/crates.io-index"
checksum = "72b64191b275b66ffe2469e8af2c1cfe3bafa67b529ead792a6d0160888b4237"
dependencies = [
 "proc-macro2",
 "quote",
 "unicode-ident",
]

[[package]]
name = "unicode-ident"
version = "1.0.18"
source = "registry+https://github.com/rust-lang/crates.io-index"
checksum = "5a5f39404a5da50712a4c1eecf25e90dd62b613502b7e925fd4e4d19b5c96512"

[[package]]
name = "unionfind"
version = "0.1.0"
dependencies = [
 "dsu",
 "proconio",
]
